
Microsoft Visual Studio Solution File, Format Version 12.00
# Visual Studio 15
VisualStudioVersion = 15.0.27004.2005
MinimumVisualStudioVersion = 10.0.40219.1
Project("{FAE04EC0-301F-11D3-BF4B-00C04F79EFBC}") = "Bluewire.Reporting.Cli", "Bluewire.Reporting.Cli\Bluewire.Reporting.Cli.csproj", "{2BDD89A8-C872-4905-9891-63FA4602C80F}"
EndProject
Project("{FAE04EC0-301F-11D3-BF4B-00C04F79EFBC}") = "Bluewire.Reporting.UnitTests", "Bluewire.Reporting.UnitTests\Bluewire.Reporting.UnitTests.csproj", "{B01AA16B-19EC-473C-A6A1-971AE81562D2}"
EndProject
Project("{FAE04EC0-301F-11D3-BF4B-00C04F79EFBC}") = "Bluewire.Reporting.Common", "Bluewire.Reporting.Common\Bluewire.Reporting.Common.csproj", "{F7607E3E-0E28-42A1-87BA-31CD0CCF2291}"
EndProject
Global
	GlobalSection(SolutionConfigurationPlatforms) = preSolution
		Debug|Any CPU = Debug|Any CPU
		Release|Any CPU = Release|Any CPU
	EndGlobalSection
	GlobalSection(ProjectConfigurationPlatforms) = postSolution
		{2BDD89A8-C872-4905-9891-63FA4602C80F}.Debug|Any CPU.ActiveCfg = Debug|Any CPU
		{2BDD89A8-C872-4905-9891-63FA4602C80F}.Debug|Any CPU.Build.0 = Debug|Any CPU
		{2BDD89A8-C872-4905-9891-63FA4602C80F}.Release|Any CPU.ActiveCfg = Release|Any CPU
		{2BDD89A8-C872-4905-9891-63FA4602C80F}.Release|Any CPU.Build.0 = Release|Any CPU
		{B01AA16B-19EC-473C-A6A1-971AE81562D2}.Debug|Any CPU.ActiveCfg = Debug|Any CPU
		{B01AA16B-19EC-473C-A6A1-971AE81562D2}.Debug|Any CPU.Build.0 = Debug|Any CPU
		{B01AA16B-19EC-473C-A6A1-971AE81562D2}.Release|Any CPU.ActiveCfg = Release|Any CPU
		{B01AA16B-19EC-473C-A6A1-971AE81562D2}.Release|Any CPU.Build.0 = Release|Any CPU
		{F7607E3E-0E28-42A1-87BA-31CD0CCF2291}.Debug|Any CPU.ActiveCfg = Debug|Any CPU
		{F7607E3E-0E28-42A1-87BA-31CD0CCF2291}.Debug|Any CPU.Build.0 = Debug|Any CPU
		{F7607E3E-0E28-42A1-87BA-31CD0CCF2291}.Release|Any CPU.ActiveCfg = Release|Any CPU
		{F7607E3E-0E28-42A1-87BA-31CD0CCF2291}.Release|Any CPU.Build.0 = Release|Any CPU
	EndGlobalSection
	GlobalSection(SolutionProperties) = preSolution
		HideSolutionNode = FALSE
	EndGlobalSection
	GlobalSection(ExtensibilityGlobals) = postSolution
		SolutionGuid = {80F5939D-A769-4043-A078-0545B24E46B7}
	EndGlobalSection
EndGlobal
